// !$*UTF8*$!
{
	archiveVersion = 1;
	classes = {
	};
	objectVersion = 46;
	objects = {

/* Begin PBXBuildFile section */
		EC296FDFA7C4489CB1FC5384 /* libPods.a in Frameworks */ = {isa = PBXBuildFile; fileRef = ADA2DEE1C04B4B89A89CD535 /* libPods.a */; };
		F70A7EE918D69FDB0027879C /* Record.xcdatamodeld in Sources */ = {isa = PBXBuildFile; fileRef = F70A7EE718D69FDB0027879C /* Record.xcdatamodeld */; };
		F70A7EEC18D6A1260027879C /* Record.m in Sources */ = {isa = PBXBuildFile; fileRef = F70A7EEB18D6A1260027879C /* Record.m */; };
		F70A7EEF18D6B3A70027879C /* Record+CoreData.m in Sources */ = {isa = PBXBuildFile; fileRef = F70A7EEE18D6B3A70027879C /* Record+CoreData.m */; };
		F70A7EF218D6D5170027879C /* Parse.framework in Frameworks */ = {isa = PBXBuildFile; fileRef = F70A7EF118D6D5170027879C /* Parse.framework */; };
		F70A7EF418D6D6890027879C /* AudioToolbox.framework in Frameworks */ = {isa = PBXBuildFile; fileRef = F70A7EF318D6D6890027879C /* AudioToolbox.framework */; };
		F70A7EF618D6D6940027879C /* CFNetwork.framework in Frameworks */ = {isa = PBXBuildFile; fileRef = F70A7EF518D6D6940027879C /* CFNetwork.framework */; };
		F70A7EF818D6D6A20027879C /* CoreLocation.framework in Frameworks */ = {isa = PBXBuildFile; fileRef = F70A7EF718D6D6A20027879C /* CoreLocation.framework */; };
		F70A7EFA18D6D6B50027879C /* libz.dylib in Frameworks */ = {isa = PBXBuildFile; fileRef = F70A7EF918D6D6B50027879C /* libz.dylib */; };
		F70A7EFC18D6D6C80027879C /* MobileCoreServices.framework in Frameworks */ = {isa = PBXBuildFile; fileRef = F70A7EFB18D6D6C80027879C /* MobileCoreServices.framework */; };
		F70A7EFE18D6D6D50027879C /* QuartzCore.framework in Frameworks */ = {isa = PBXBuildFile; fileRef = F70A7EFD18D6D6D50027879C /* QuartzCore.framework */; };
		F70A7F0018D6D6E90027879C /* Security.framework in Frameworks */ = {isa = PBXBuildFile; fileRef = F70A7EFF18D6D6E90027879C /* Security.framework */; };
		F70A7F0418D6D6F70027879C /* SystemConfiguration.framework in Frameworks */ = {isa = PBXBuildFile; fileRef = F70A7F0318D6D6F70027879C /* SystemConfiguration.framework */; };
		F715C31E18DC714300D133BF /* wechatshare.png in Resources */ = {isa = PBXBuildFile; fileRef = F715C31D18DC714300D133BF /* wechatshare.png */; };
		F71FEB0F18DDAF380057BF21 /* correct@2x.png in Resources */ = {isa = PBXBuildFile; fileRef = F71FEB0E18DDAF380057BF21 /* correct@2x.png */; };
		F71FF00C18DD9101006CA125 /* iAd.framework in Frameworks */ = {isa = PBXBuildFile; fileRef = F71FF00B18DD9101006CA125 /* iAd.framework */; };
		F73C72C418DED59500F3E57F /* BombButton.m in Sources */ = {isa = PBXBuildFile; fileRef = F73C72C318DED59500F3E57F /* BombButton.m */; };
		F73C72C618DEDCBF00F3E57F /* bomb@2x.png in Resources */ = {isa = PBXBuildFile; fileRef = F73C72C518DEDCBF00F3E57F /* bomb@2x.png */; };
		F73C72C818DEE11E00F3E57F /* bomb.png in Resources */ = {isa = PBXBuildFile; fileRef = F73C72C718DEE11E00F3E57F /* bomb.png */; };
		F73C72CC18DF026000F3E57F /* GuideVC.m in Sources */ = {isa = PBXBuildFile; fileRef = F73C72CA18DF026000F3E57F /* GuideVC.m */; };
		F73C72CD18DF026000F3E57F /* GuideVC.xib in Resources */ = {isa = PBXBuildFile; fileRef = F73C72CB18DF026000F3E57F /* GuideVC.xib */; };
		F73DFA5F18D5BFD70057C964 /* PopupVC.m in Sources */ = {isa = PBXBuildFile; fileRef = F73DFA5D18D5BFD70057C964 /* PopupVC.m */; };
		F73DFA6018D5BFD70057C964 /* PopupVC.xib in Resources */ = {isa = PBXBuildFile; fileRef = F73DFA5E18D5BFD70057C964 /* PopupVC.xib */; };
		F73DFA6218D5D1D50057C964 /* FacebookSDK.framework in Frameworks */ = {isa = PBXBuildFile; fileRef = F73DFA6118D5D1D50057C964 /* FacebookSDK.framework */; };
		F758FEA918D9AF3B00A56B6A /* redcross@2x.png in Resources */ = {isa = PBXBuildFile; fileRef = F758FEA818D9AF3B00A56B6A /* redcross@2x.png */; };
		F7682AFC18DD071E00F0F598 /* LDProgressView.m in Sources */ = {isa = PBXBuildFile; fileRef = F7682AF918DD071E00F0F598 /* LDProgressView.m */; };
		F7682AFD18DD071E00F0F598 /* UIColor+RGBValues.m in Sources */ = {isa = PBXBuildFile; fileRef = F7682AFB18DD071E00F0F598 /* UIColor+RGBValues.m */; };
		F79BE10A18D8524B008725E4 /* fbshare.png in Resources */ = {isa = PBXBuildFile; fileRef = F79BE10918D8524B008725E4 /* fbshare.png */; };
		F79BE10C18D855F6008725E4 /* tryagain.png in Resources */ = {isa = PBXBuildFile; fileRef = F79BE10B18D855F6008725E4 /* tryagain.png */; };
		F7A722DF18D5B34F000B0EEE /* Foundation.framework in Frameworks */ = {isa = PBXBuildFile; fileRef = F7A722DE18D5B34F000B0EEE /* Foundation.framework */; };
		F7A722E118D5B34F000B0EEE /* CoreGraphics.framework in Frameworks */ = {isa = PBXBuildFile; fileRef = F7A722E018D5B34F000B0EEE /* CoreGraphics.framework */; };
		F7A722E318D5B34F000B0EEE /* UIKit.framework in Frameworks */ = {isa = PBXBuildFile; fileRef = F7A722E218D5B34F000B0EEE /* UIKit.framework */; };
		F7A722E918D5B34F000B0EEE /* InfoPlist.strings in Resources */ = {isa = PBXBuildFile; fileRef = F7A722E718D5B34F000B0EEE /* InfoPlist.strings */; };
		F7A722EB18D5B34F000B0EEE /* main.m in Sources */ = {isa = PBXBuildFile; fileRef = F7A722EA18D5B34F000B0EEE /* main.m */; };
		F7A722EF18D5B34F000B0EEE /* AppDelegate.m in Sources */ = {isa = PBXBuildFile; fileRef = F7A722EE18D5B34F000B0EEE /* AppDelegate.m */; };
		F7A722F218D5B34F000B0EEE /* Main.storyboard in Resources */ = {isa = PBXBuildFile; fileRef = F7A722F018D5B34F000B0EEE /* Main.storyboard */; };
		F7A722F718D5B34F000B0EEE /* Images.xcassets in Resources */ = {isa = PBXBuildFile; fileRef = F7A722F618D5B34F000B0EEE /* Images.xcassets */; };
		F7A722FE18D5B34F000B0EEE /* XCTest.framework in Frameworks */ = {isa = PBXBuildFile; fileRef = F7A722FD18D5B34F000B0EEE /* XCTest.framework */; };
		F7A722FF18D5B34F000B0EEE /* Foundation.framework in Frameworks */ = {isa = PBXBuildFile; fileRef = F7A722DE18D5B34F000B0EEE /* Foundation.framework */; };
		F7A7230018D5B34F000B0EEE /* UIKit.framework in Frameworks */ = {isa = PBXBuildFile; fileRef = F7A722E218D5B34F000B0EEE /* UIKit.framework */; };
		F7A7230818D5B34F000B0EEE /* InfoPlist.strings in Resources */ = {isa = PBXBuildFile; fileRef = F7A7230618D5B34F000B0EEE /* InfoPlist.strings */; };
		F7A7230A18D5B34F000B0EEE /* NextNumTests.m in Sources */ = {isa = PBXBuildFile; fileRef = F7A7230918D5B34F000B0EEE /* NextNumTests.m */; };
		F7A7231C18D5B42C000B0EEE /* NumberView.m in Sources */ = {isa = PBXBuildFile; fileRef = F7A7231718D5B42C000B0EEE /* NumberView.m */; };
		F7A7231D18D5B42C000B0EEE /* numViewDark@2x.png in Resources */ = {isa = PBXBuildFile; fileRef = F7A7231818D5B42C000B0EEE /* numViewDark@2x.png */; };
		F7A7231E18D5B42C000B0EEE /* numViewLight@2x.png in Resources */ = {isa = PBXBuildFile; fileRef = F7A7231918D5B42C000B0EEE /* numViewLight@2x.png */; };
		F7A7231F18D5B42C000B0EEE /* ViewController.m in Sources */ = {isa = PBXBuildFile; fileRef = F7A7231B18D5B42C000B0EEE /* ViewController.m */; };
		F7B1126718E015EC003A5223 /* guide@2x.png in Resources */ = {isa = PBXBuildFile; fileRef = F7B1126618E015EC003A5223 /* guide@2x.png */; };
		F7F115CC18DDBDB6005E6363 /* libWeChatSDK.a in Frameworks */ = {isa = PBXBuildFile; fileRef = F7F115C918DDBDB6005E6363 /* libWeChatSDK.a */; };
/* End PBXBuildFile section */

/* Begin PBXContainerItemProxy section */
		F7A7230118D5B34F000B0EEE /* PBXContainerItemProxy */ = {
			isa = PBXContainerItemProxy;
			containerPortal = F7A722D318D5B34F000B0EEE /* Project object */;
			proxyType = 1;
			remoteGlobalIDString = F7A722DA18D5B34F000B0EEE;
			remoteInfo = NextNum;
		};
/* End PBXContainerItemProxy section */

/* Begin PBXFileReference section */
		44A4445F7AEC4F2AAD2285BB /* Pods.xcconfig */ = {isa = PBXFileReference; includeInIndex = 1; lastKnownFileType = text.xcconfig; name = Pods.xcconfig; path = Pods/Pods.xcconfig; sourceTree = "<group>"; };
		ADA2DEE1C04B4B89A89CD535 /* libPods.a */ = {isa = PBXFileReference; explicitFileType = archive.ar; includeInIndex = 0; path = libPods.a; sourceTree = BUILT_PRODUCTS_DIR; };
		F70A7EE818D69FDB0027879C /* Record.xcdatamodel */ = {isa = PBXFileReference; lastKnownFileType = wrapper.xcdatamodel; path = Record.xcdatamodel; sourceTree = "<group>"; };
		F70A7EEA18D6A1260027879C /* Record.h */ = {isa = PBXFileReference; fileEncoding = 4; lastKnownFileType = sourcecode.c.h; path = Record.h; sourceTree = "<group>"; };
		F70A7EEB18D6A1260027879C /* Record.m */ = {isa = PBXFileReference; fileEncoding = 4; lastKnownFileType = sourcecode.c.objc; path = Record.m; sourceTree = "<group>"; };
		F70A7EED18D6B3A70027879C /* Record+CoreData.h */ = {isa = PBXFileReference; fileEncoding = 4; lastKnownFileType = sourcecode.c.h; path = "Record+CoreData.h"; sourceTree = "<group>"; };
		F70A7EEE18D6B3A70027879C /* Record+CoreData.m */ = {isa = PBXFileReference; fileEncoding = 4; lastKnownFileType = sourcecode.c.objc; path = "Record+CoreData.m"; sourceTree = "<group>"; };
		F70A7EF118D6D5170027879C /* Parse.framework */ = {isa = PBXFileReference; lastKnownFileType = wrapper.framework; path = Parse.framework; sourceTree = "<group>"; };
		F70A7EF318D6D6890027879C /* AudioToolbox.framework */ = {isa = PBXFileReference; lastKnownFileType = wrapper.framework; name = AudioToolbox.framework; path = System/Library/Frameworks/AudioToolbox.framework; sourceTree = SDKROOT; };
		F70A7EF518D6D6940027879C /* CFNetwork.framework */ = {isa = PBXFileReference; lastKnownFileType = wrapper.framework; name = CFNetwork.framework; path = System/Library/Frameworks/CFNetwork.framework; sourceTree = SDKROOT; };
		F70A7EF718D6D6A20027879C /* CoreLocation.framework */ = {isa = PBXFileReference; lastKnownFileType = wrapper.framework; name = CoreLocation.framework; path = System/Library/Frameworks/CoreLocation.framework; sourceTree = SDKROOT; };
		F70A7EF918D6D6B50027879C /* libz.dylib */ = {isa = PBXFileReference; lastKnownFileType = "compiled.mach-o.dylib"; name = libz.dylib; path = usr/lib/libz.dylib; sourceTree = SDKROOT; };
		F70A7EFB18D6D6C80027879C /* MobileCoreServices.framework */ = {isa = PBXFileReference; lastKnownFileType = wrapper.framework; name = MobileCoreServices.framework; path = System/Library/Frameworks/MobileCoreServices.framework; sourceTree = SDKROOT; };
		F70A7EFD18D6D6D50027879C /* QuartzCore.framework */ = {isa = PBXFileReference; lastKnownFileType = wrapper.framework; name = QuartzCore.framework; path = System/Library/Frameworks/QuartzCore.framework; sourceTree = SDKROOT; };
		F70A7EFF18D6D6E90027879C /* Security.framework */ = {isa = PBXFileReference; lastKnownFileType = wrapper.framework; name = Security.framework; path = System/Library/Frameworks/Security.framework; sourceTree = SDKROOT; };
		F70A7F0318D6D6F70027879C /* SystemConfiguration.framework */ = {isa = PBXFileReference; lastKnownFileType = wrapper.framework; name = SystemConfiguration.framework; path = System/Library/Frameworks/SystemConfiguration.framework; sourceTree = SDKROOT; };
		F715C31D18DC714300D133BF /* wechatshare.png */ = {isa = PBXFileReference; lastKnownFileType = image.png; path = wechatshare.png; sourceTree = "<group>"; };
		F71FEB0E18DDAF380057BF21 /* correct@2x.png */ = {isa = PBXFileReference; lastKnownFileType = image.png; path = "correct@2x.png"; sourceTree = "<group>"; };
		F71FF00B18DD9101006CA125 /* iAd.framework */ = {isa = PBXFileReference; lastKnownFileType = wrapper.framework; name = iAd.framework; path = System/Library/Frameworks/iAd.framework; sourceTree = SDKROOT; };
		F73C72C218DED59500F3E57F /* BombButton.h */ = {isa = PBXFileReference; fileEncoding = 4; lastKnownFileType = sourcecode.c.h; path = BombButton.h; sourceTree = "<group>"; };
		F73C72C318DED59500F3E57F /* BombButton.m */ = {isa = PBXFileReference; fileEncoding = 4; lastKnownFileType = sourcecode.c.objc; path = BombButton.m; sourceTree = "<group>"; };
		F73C72C518DEDCBF00F3E57F /* bomb@2x.png */ = {isa = PBXFileReference; lastKnownFileType = image.png; path = "bomb@2x.png"; sourceTree = "<group>"; };
		F73C72C718DEE11E00F3E57F /* bomb.png */ = {isa = PBXFileReference; lastKnownFileType = image.png; path = bomb.png; sourceTree = "<group>"; };
		F73C72C918DF026000F3E57F /* GuideVC.h */ = {isa = PBXFileReference; fileEncoding = 4; lastKnownFileType = sourcecode.c.h; path = GuideVC.h; sourceTree = "<group>"; };
		F73C72CA18DF026000F3E57F /* GuideVC.m */ = {isa = PBXFileReference; fileEncoding = 4; lastKnownFileType = sourcecode.c.objc; path = GuideVC.m; sourceTree = "<group>"; };
		F73C72CB18DF026000F3E57F /* GuideVC.xib */ = {isa = PBXFileReference; fileEncoding = 4; lastKnownFileType = file.xib; path = GuideVC.xib; sourceTree = "<group>"; };
		F73DFA5C18D5BFD70057C964 /* PopupVC.h */ = {isa = PBXFileReference; fileEncoding = 4; lastKnownFileType = sourcecode.c.h; path = PopupVC.h; sourceTree = "<group>"; };
		F73DFA5D18D5BFD70057C964 /* PopupVC.m */ = {isa = PBXFileReference; fileEncoding = 4; lastKnownFileType = sourcecode.c.objc; path = PopupVC.m; sourceTree = "<group>"; };
		F73DFA5E18D5BFD70057C964 /* PopupVC.xib */ = {isa = PBXFileReference; fileEncoding = 4; lastKnownFileType = file.xib; path = PopupVC.xib; sourceTree = "<group>"; };
		F73DFA6118D5D1D50057C964 /* FacebookSDK.framework */ = {isa = PBXFileReference; lastKnownFileType = wrapper.framework; name = FacebookSDK.framework; path = ../../FacebookSDK/FacebookSDK.framework; sourceTree = "<group>"; };
		F758FEA818D9AF3B00A56B6A /* redcross@2x.png */ = {isa = PBXFileReference; lastKnownFileType = image.png; path = "redcross@2x.png"; sourceTree = "<group>"; };
		F7682AF818DD071E00F0F598 /* LDProgressView.h */ = {isa = PBXFileReference; fileEncoding = 4; lastKnownFileType = sourcecode.c.h; path = LDProgressView.h; sourceTree = "<group>"; };
		F7682AF918DD071E00F0F598 /* LDProgressView.m */ = {isa = PBXFileReference; fileEncoding = 4; lastKnownFileType = sourcecode.c.objc; path = LDProgressView.m; sourceTree = "<group>"; };
		F7682AFA18DD071E00F0F598 /* UIColor+RGBValues.h */ = {isa = PBXFileReference; fileEncoding = 4; lastKnownFileType = sourcecode.c.h; path = "UIColor+RGBValues.h"; sourceTree = "<group>"; };
		F7682AFB18DD071E00F0F598 /* UIColor+RGBValues.m */ = {isa = PBXFileReference; fileEncoding = 4; lastKnownFileType = sourcecode.c.objc; path = "UIColor+RGBValues.m"; sourceTree = "<group>"; };
		F79BE10918D8524B008725E4 /* fbshare.png */ = {isa = PBXFileReference; lastKnownFileType = image.png; path = fbshare.png; sourceTree = "<group>"; };
		F79BE10B18D855F6008725E4 /* tryagain.png */ = {isa = PBXFileReference; lastKnownFileType = image.png; path = tryagain.png; sourceTree = "<group>"; };
		F7A722DB18D5B34F000B0EEE /* NextNum.app */ = {isa = PBXFileReference; explicitFileType = wrapper.application; includeInIndex = 0; path = NextNum.app; sourceTree = BUILT_PRODUCTS_DIR; };
		F7A722DE18D5B34F000B0EEE /* Foundation.framework */ = {isa = PBXFileReference; lastKnownFileType = wrapper.framework; name = Foundation.framework; path = System/Library/Frameworks/Foundation.framework; sourceTree = SDKROOT; };
		F7A722E018D5B34F000B0EEE /* CoreGraphics.framework */ = {isa = PBXFileReference; lastKnownFileType = wrapper.framework; name = CoreGraphics.framework; path = System/Library/Frameworks/CoreGraphics.framework; sourceTree = SDKROOT; };
		F7A722E218D5B34F000B0EEE /* UIKit.framework */ = {isa = PBXFileReference; lastKnownFileType = wrapper.framework; name = UIKit.framework; path = System/Library/Frameworks/UIKit.framework; sourceTree = SDKROOT; };
		F7A722E618D5B34F000B0EEE /* NextNum-Info.plist */ = {isa = PBXFileReference; lastKnownFileType = text.plist.xml; path = "NextNum-Info.plist"; sourceTree = "<group>"; };
		F7A722E818D5B34F000B0EEE /* en */ = {isa = PBXFileReference; lastKnownFileType = text.plist.strings; name = en; path = en.lproj/InfoPlist.strings; sourceTree = "<group>"; };
		F7A722EA18D5B34F000B0EEE /* main.m */ = {isa = PBXFileReference; lastKnownFileType = sourcecode.c.objc; path = main.m; sourceTree = "<group>"; };
		F7A722ED18D5B34F000B0EEE /* AppDelegate.h */ = {isa = PBXFileReference; lastKnownFileType = sourcecode.c.h; path = AppDelegate.h; sourceTree = "<group>"; };
		F7A722EE18D5B34F000B0EEE /* AppDelegate.m */ = {isa = PBXFileReference; lastKnownFileType = sourcecode.c.objc; path = AppDelegate.m; sourceTree = "<group>"; };
		F7A722F618D5B34F000B0EEE /* Images.xcassets */ = {isa = PBXFileReference; lastKnownFileType = folder.assetcatalog; path = Images.xcassets; sourceTree = "<group>"; };
		F7A722FC18D5B34F000B0EEE /* NextNum.xctest */ = {isa = PBXFileReference; explicitFileType = wrapper.cfbundle; includeInIndex = 0; path = NextNum.xctest; sourceTree = BUILT_PRODUCTS_DIR; };
		F7A722FD18D5B34F000B0EEE /* XCTest.framework */ = {isa = PBXFileReference; lastKnownFileType = wrapper.framework; name = XCTest.framework; path = Library/Frameworks/XCTest.framework; sourceTree = DEVELOPER_DIR; };
		F7A7230518D5B34F000B0EEE /* NextNumTests-Info.plist */ = {isa = PBXFileReference; lastKnownFileType = text.plist.xml; path = "NextNumTests-Info.plist"; sourceTree = "<group>"; };
		F7A7230718D5B34F000B0EEE /* en */ = {isa = PBXFileReference; lastKnownFileType = text.plist.strings; name = en; path = en.lproj/InfoPlist.strings; sourceTree = "<group>"; };
		F7A7230918D5B34F000B0EEE /* NextNumTests.m */ = {isa = PBXFileReference; lastKnownFileType = sourcecode.c.objc; path = NextNumTests.m; sourceTree = "<group>"; };
		F7A7231518D5B3EA000B0EEE /* en */ = {isa = PBXFileReference; lastKnownFileType = file.storyboard; name = en; path = en.lproj/Main.storyboard; sourceTree = "<group>"; };
		F7A7231618D5B42C000B0EEE /* NumberView.h */ = {isa = PBXFileReference; fileEncoding = 4; lastKnownFileType = sourcecode.c.h; path = NumberView.h; sourceTree = "<group>"; };
		F7A7231718D5B42C000B0EEE /* NumberView.m */ = {isa = PBXFileReference; fileEncoding = 4; lastKnownFileType = sourcecode.c.objc; path = NumberView.m; sourceTree = "<group>"; };
		F7A7231818D5B42C000B0EEE /* numViewDark@2x.png */ = {isa = PBXFileReference; lastKnownFileType = image.png; path = "numViewDark@2x.png"; sourceTree = "<group>"; };
		F7A7231918D5B42C000B0EEE /* numViewLight@2x.png */ = {isa = PBXFileReference; lastKnownFileType = image.png; path = "numViewLight@2x.png"; sourceTree = "<group>"; };
		F7A7231A18D5B42C000B0EEE /* ViewController.h */ = {isa = PBXFileReference; fileEncoding = 4; lastKnownFileType = sourcecode.c.h; path = ViewController.h; sourceTree = "<group>"; };
		F7A7231B18D5B42C000B0EEE /* ViewController.m */ = {isa = PBXFileReference; fileEncoding = 4; lastKnownFileType = sourcecode.c.objc; path = ViewController.m; sourceTree = "<group>"; };
		F7B1126618E015EC003A5223 /* guide@2x.png */ = {isa = PBXFileReference; lastKnownFileType = image.png; path = "guide@2x.png"; sourceTree = "<group>"; };
		F7F115C918DDBDB6005E6363 /* libWeChatSDK.a */ = {isa = PBXFileReference; lastKnownFileType = archive.ar; path = libWeChatSDK.a; sourceTree = "<group>"; };
		F7F115CA18DDBDB6005E6363 /* WXApi.h */ = {isa = PBXFileReference; fileEncoding = 4; lastKnownFileType = sourcecode.c.h; path = WXApi.h; sourceTree = "<group>"; };
		F7F115CB18DDBDB6005E6363 /* WXApiObject.h */ = {isa = PBXFileReference; fileEncoding = 4; lastKnownFileType = sourcecode.c.h; path = WXApiObject.h; sourceTree = "<group>"; };
/* End PBXFileReference section */

/* Begin PBXFrameworksBuildPhase section */
		F7A722D818D5B34F000B0EEE /* Frameworks */ = {
			isa = PBXFrameworksBuildPhase;
			buildActionMask = 2147483647;
			files = (
				F71FF00C18DD9101006CA125 /* iAd.framework in Frameworks */,
				F70A7F0418D6D6F70027879C /* SystemConfiguration.framework in Frameworks */,
				F7F115CC18DDBDB6005E6363 /* libWeChatSDK.a in Frameworks */,
				F70A7F0018D6D6E90027879C /* Security.framework in Frameworks */,
				F70A7EFE18D6D6D50027879C /* QuartzCore.framework in Frameworks */,
				F70A7EFC18D6D6C80027879C /* MobileCoreServices.framework in Frameworks */,
				F70A7EFA18D6D6B50027879C /* libz.dylib in Frameworks */,
				F70A7EF818D6D6A20027879C /* CoreLocation.framework in Frameworks */,
				F70A7EF618D6D6940027879C /* CFNetwork.framework in Frameworks */,
				F70A7EF418D6D6890027879C /* AudioToolbox.framework in Frameworks */,
				F7A722E118D5B34F000B0EEE /* CoreGraphics.framework in Frameworks */,
				F73DFA6218D5D1D50057C964 /* FacebookSDK.framework in Frameworks */,
				F7A722E318D5B34F000B0EEE /* UIKit.framework in Frameworks */,
				F7A722DF18D5B34F000B0EEE /* Foundation.framework in Frameworks */,
				F70A7EF218D6D5170027879C /* Parse.framework in Frameworks */,
				EC296FDFA7C4489CB1FC5384 /* libPods.a in Frameworks */,
			);
			runOnlyForDeploymentPostprocessing = 0;
		};
		F7A722F918D5B34F000B0EEE /* Frameworks */ = {
			isa = PBXFrameworksBuildPhase;
			buildActionMask = 2147483647;
			files = (
				F7A722FE18D5B34F000B0EEE /* XCTest.framework in Frameworks */,
				F7A7230018D5B34F000B0EEE /* UIKit.framework in Frameworks */,
				F7A722FF18D5B34F000B0EEE /* Foundation.framework in Frameworks */,
			);
			runOnlyForDeploymentPostprocessing = 0;
		};
/* End PBXFrameworksBuildPhase section */

/* Begin PBXGroup section */
		F70A7EF018D6D4280027879C /* modal */ = {
			isa = PBXGroup;
			children = (
				F70A7EE718D69FDB0027879C /* Record.xcdatamodeld */,
				F70A7EEA18D6A1260027879C /* Record.h */,
				F70A7EEB18D6A1260027879C /* Record.m */,
				F70A7EED18D6B3A70027879C /* Record+CoreData.h */,
				F70A7EEE18D6B3A70027879C /* Record+CoreData.m */,
			);
			name = modal;
			sourceTree = "<group>";
		};
		F715C31818DC612500D133BF /* WeChat */ = {
			isa = PBXGroup;
			children = (
				F7F115C918DDBDB6005E6363 /* libWeChatSDK.a */,
				F7F115CA18DDBDB6005E6363 /* WXApi.h */,
				F7F115CB18DDBDB6005E6363 /* WXApiObject.h */,
			);
			name = WeChat;
			sourceTree = "<group>";
		};
		F7682AF718DD06FB00F0F598 /* LDProgressView */ = {
			isa = PBXGroup;
			children = (
				F7682AF818DD071E00F0F598 /* LDProgressView.h */,
				F7682AF918DD071E00F0F598 /* LDProgressView.m */,
				F7682AFA18DD071E00F0F598 /* UIColor+RGBValues.h */,
				F7682AFB18DD071E00F0F598 /* UIColor+RGBValues.m */,
			);
			name = LDProgressView;
			sourceTree = "<group>";
		};
		F7A722D218D5B34F000B0EEE = {
			isa = PBXGroup;
			children = (
				F7A722E418D5B34F000B0EEE /* NextNum */,
				F7A7230318D5B34F000B0EEE /* NextNumTests */,
				F7A722DD18D5B34F000B0EEE /* Frameworks */,
				F7A722DC18D5B34F000B0EEE /* Products */,
				44A4445F7AEC4F2AAD2285BB /* Pods.xcconfig */,
			);
			sourceTree = "<group>";
		};
		F7A722DC18D5B34F000B0EEE /* Products */ = {
			isa = PBXGroup;
			children = (
				F7A722DB18D5B34F000B0EEE /* NextNum.app */,
				F7A722FC18D5B34F000B0EEE /* NextNum.xctest */,
			);
			name = Products;
			sourceTree = "<group>";
		};
		F7A722DD18D5B34F000B0EEE /* Frameworks */ = {
			isa = PBXGroup;
			children = (
				F71FF00B18DD9101006CA125 /* iAd.framework */,
				F70A7F0318D6D6F70027879C /* SystemConfiguration.framework */,
				F70A7EFF18D6D6E90027879C /* Security.framework */,
				F70A7EFD18D6D6D50027879C /* QuartzCore.framework */,
				F70A7EFB18D6D6C80027879C /* MobileCoreServices.framework */,
				F70A7EF918D6D6B50027879C /* libz.dylib */,
				F70A7EF718D6D6A20027879C /* CoreLocation.framework */,
				F70A7EF518D6D6940027879C /* CFNetwork.framework */,
				F70A7EF318D6D6890027879C /* AudioToolbox.framework */,
				F70A7EF118D6D5170027879C /* Parse.framework */,
				F73DFA6118D5D1D50057C964 /* FacebookSDK.framework */,
				F7A722DE18D5B34F000B0EEE /* Foundation.framework */,
				F7A722E018D5B34F000B0EEE /* CoreGraphics.framework */,
				F7A722E218D5B34F000B0EEE /* UIKit.framework */,
				F7A722FD18D5B34F000B0EEE /* XCTest.framework */,
				ADA2DEE1C04B4B89A89CD535 /* libPods.a */,
			);
			name = Frameworks;
			sourceTree = "<group>";
		};
		F7A722E418D5B34F000B0EEE /* NextNum */ = {
			isa = PBXGroup;
			children = (
				F7682AF718DD06FB00F0F598 /* LDProgressView */,
				F715C31818DC612500D133BF /* WeChat */,
				F70A7EF018D6D4280027879C /* modal */,
				F7A7231618D5B42C000B0EEE /* NumberView.h */,
				F7A7231718D5B42C000B0EEE /* NumberView.m */,
				F7A7231A18D5B42C000B0EEE /* ViewController.h */,
				F7A7231B18D5B42C000B0EEE /* ViewController.m */,
				F73DFA5C18D5BFD70057C964 /* PopupVC.h */,
				F73DFA5D18D5BFD70057C964 /* PopupVC.m */,
				F73DFA5E18D5BFD70057C964 /* PopupVC.xib */,
				F73C72C918DF026000F3E57F /* GuideVC.h */,
				F73C72CA18DF026000F3E57F /* GuideVC.m */,
				F73C72CB18DF026000F3E57F /* GuideVC.xib */,
				F73C72C218DED59500F3E57F /* BombButton.h */,
				F73C72C318DED59500F3E57F /* BombButton.m */,
				F7A722ED18D5B34F000B0EEE /* AppDelegate.h */,
				F7A722EE18D5B34F000B0EEE /* AppDelegate.m */,
				F7A722F018D5B34F000B0EEE /* Main.storyboard */,
				F7A722F618D5B34F000B0EEE /* Images.xcassets */,
				F7BED35918D5BA040002A625 /* img */,
				F7A722E518D5B34F000B0EEE /* Supporting Files */,
			);
			path = NextNum;
			sourceTree = "<group>";
		};
		F7A722E518D5B34F000B0EEE /* Supporting Files */ = {
			isa = PBXGroup;
			children = (
				F7A722E618D5B34F000B0EEE /* NextNum-Info.plist */,
				F7A722E718D5B34F000B0EEE /* InfoPlist.strings */,
				F7A722EA18D5B34F000B0EEE /* main.m */,
			);
			name = "Supporting Files";
			sourceTree = "<group>";
		};
		F7A7230318D5B34F000B0EEE /* NextNumTests */ = {
			isa = PBXGroup;
			children = (
				F7A7230918D5B34F000B0EEE /* NextNumTests.m */,
				F7A7230418D5B34F000B0EEE /* Supporting Files */,
			);
			path = NextNumTests;
			sourceTree = "<group>";
		};
		F7A7230418D5B34F000B0EEE /* Supporting Files */ = {
			isa = PBXGroup;
			children = (
				F7A7230518D5B34F000B0EEE /* NextNumTests-Info.plist */,
				F7A7230618D5B34F000B0EEE /* InfoPlist.strings */,
			);
			name = "Supporting Files";
			sourceTree = "<group>";
		};
		F7BED35918D5BA040002A625 /* img */ = {
			isa = PBXGroup;
			children = (
				F7B1126618E015EC003A5223 /* guide@2x.png */,
				F73C72C718DEE11E00F3E57F /* bomb.png */,
				F73C72C518DEDCBF00F3E57F /* bomb@2x.png */,
				F71FEB0E18DDAF380057BF21 /* correct@2x.png */,
				F715C31D18DC714300D133BF /* wechatshare.png */,
				F758FEA818D9AF3B00A56B6A /* redcross@2x.png */,
				F79BE10B18D855F6008725E4 /* tryagain.png */,
				F79BE10918D8524B008725E4 /* fbshare.png */,
				F7A7231818D5B42C000B0EEE /* numViewDark@2x.png */,
				F7A7231918D5B42C000B0EEE /* numViewLight@2x.png */,
			);
			name = img;
			sourceTree = "<group>";
		};
/* End PBXGroup section */

/* Begin PBXNativeTarget section */
		F7A722DA18D5B34F000B0EEE /* NextNum */ = {
			isa = PBXNativeTarget;
			buildConfigurationList = F7A7230D18D5B34F000B0EEE /* Build configuration list for PBXNativeTarget "NextNum" */;
			buildPhases = (
				28E0B5A7A6434823B8D62160 /* Check Pods Manifest.lock */,
				F7A722D718D5B34F000B0EEE /* Sources */,
				F7A722D818D5B34F000B0EEE /* Frameworks */,
				F7A722D918D5B34F000B0EEE /* Resources */,
				BEDEF07DEB8F42B8A3BDF926 /* Copy Pods Resources */,
			);
			buildRules = (
			);
			dependencies = (
			);
			name = NextNum;
			productName = NextNum;
			productReference = F7A722DB18D5B34F000B0EEE /* NextNum.app */;
			productType = "com.apple.product-type.application";
		};
		F7A722FB18D5B34F000B0EEE /* NextNum Tests */ = {
			isa = PBXNativeTarget;
			buildConfigurationList = F7A7231018D5B34F000B0EEE /* Build configuration list for PBXNativeTarget "NextNum Tests" */;
			buildPhases = (
				F7A722F818D5B34F000B0EEE /* Sources */,
				F7A722F918D5B34F000B0EEE /* Frameworks */,
				F7A722FA18D5B34F000B0EEE /* Resources */,
			);
			buildRules = (
			);
			dependencies = (
				F7A7230218D5B34F000B0EEE /* PBXTargetDependency */,
			);
			name = "NextNum Tests";
			productName = NextNumTests;
			productReference = F7A722FC18D5B34F000B0EEE /* NextNum.xctest */;
			productType = "com.apple.product-type.bundle.unit-test";
		};
/* End PBXNativeTarget section */

/* Begin PBXProject section */
		F7A722D318D5B34F000B0EEE /* Project object */ = {
			isa = PBXProject;
			attributes = {
				LastUpgradeCheck = 0510;
				ORGANIZATIONNAME = "Ye Hua";
				TargetAttributes = {
					F7A722DA18D5B34F000B0EEE = {
						DevelopmentTeam = R6A4T276PC;
						SystemCapabilities = {
							com.apple.InAppPurchase = {
								enabled = 0;
							};
						};
					};
					F7A722FB18D5B34F000B0EEE = {
						TestTargetID = F7A722DA18D5B34F000B0EEE;
					};
				};
			};
			buildConfigurationList = F7A722D618D5B34F000B0EEE /* Build configuration list for PBXProject "NextNum" */;
			compatibilityVersion = "Xcode 3.2";
			developmentRegion = English;
			hasScannedForEncodings = 0;
			knownRegions = (
				en,
				Base,
			);
			mainGroup = F7A722D218D5B34F000B0EEE;
			productRefGroup = F7A722DC18D5B34F000B0EEE /* Products */;
			projectDirPath = "";
			projectRoot = "";
			targets = (
				F7A722DA18D5B34F000B0EEE /* NextNum */,
				F7A722FB18D5B34F000B0EEE /* NextNum Tests */,
			);
		};
/* End PBXProject section */

/* Begin PBXResourcesBuildPhase section */
		F7A722D918D5B34F000B0EEE /* Resources */ = {
			isa = PBXResourcesBuildPhase;
			buildActionMask = 2147483647;
			files = (
				F73C72C618DEDCBF00F3E57F /* bomb@2x.png in Resources */,
				F7A7231D18D5B42C000B0EEE /* numViewDark@2x.png in Resources */,
				F7A7231E18D5B42C000B0EEE /* numViewLight@2x.png in Resources */,
				F758FEA918D9AF3B00A56B6A /* redcross@2x.png in Resources */,
				F7A722F718D5B34F000B0EEE /* Images.xcassets in Resources */,
				F73DFA6018D5BFD70057C964 /* PopupVC.xib in Resources */,
				F715C31E18DC714300D133BF /* wechatshare.png in Resources */,
				F7A722E918D5B34F000B0EEE /* InfoPlist.strings in Resources */,
				F7B1126718E015EC003A5223 /* guide@2x.png in Resources */,
				F71FEB0F18DDAF380057BF21 /* correct@2x.png in Resources */,
				F79BE10A18D8524B008725E4 /* fbshare.png in Resources */,
				F79BE10C18D855F6008725E4 /* tryagain.png in Resources */,
				F73C72CD18DF026000F3E57F /* GuideVC.xib in Resources */,
				F7A722F218D5B34F000B0EEE /* Main.storyboard in Resources */,
				F73C72C818DEE11E00F3E57F /* bomb.png in Resources */,
			);
			runOnlyForDeploymentPostprocessing = 0;
		};
		F7A722FA18D5B34F000B0EEE /* Resources */ = {
			isa = PBXResourcesBuildPhase;
			buildActionMask = 2147483647;
			files = (
				F7A7230818D5B34F000B0EEE /* InfoPlist.strings in Resources */,
			);
			runOnlyForDeploymentPostprocessing = 0;
		};
/* End PBXResourcesBuildPhase section */

/* Begin PBXShellScriptBuildPhase section */
		28E0B5A7A6434823B8D62160 /* Check Pods Manifest.lock */ = {
			isa = PBXShellScriptBuildPhase;
			buildActionMask = 2147483647;
			files = (
			);
			inputPaths = (
			);
			name = "Check Pods Manifest.lock";
			outputPaths = (
			);
			runOnlyForDeploymentPostprocessing = 0;
			shellPath = /bin/sh;
			shellScript = "diff \"${PODS_ROOT}/../Podfile.lock\" \"${PODS_ROOT}/Manifest.lock\" > /dev/null\nif [[ $? != 0 ]] ; then\n    cat << EOM\nerror: The sandbox is not in sync with the Podfile.lock. Run 'pod install' or update your CocoaPods installation.\nEOM\n    exit 1\nfi\n";
			showEnvVarsInLog = 0;
		};
		BEDEF07DEB8F42B8A3BDF926 /* Copy Pods Resources */ = {
			isa = PBXShellScriptBuildPhase;
			buildActionMask = 2147483647;
			files = (
			);
			inputPaths = (
			);
			name = "Copy Pods Resources";
			outputPaths = (
			);
			runOnlyForDeploymentPostprocessing = 0;
			shellPath = /bin/sh;
			shellScript = "\"${SRCROOT}/Pods/Pods-resources.sh\"\n";
			showEnvVarsInLog = 0;
		};
/* End PBXShellScriptBuildPhase section */

/* Begin PBXSourcesBuildPhase section */
		F7A722D718D5B34F000B0EEE /* Sources */ = {
			isa = PBXSourcesBuildPhase;
			buildActionMask = 2147483647;
			files = (
				F70A7EE918D69FDB0027879C /* Record.xcdatamodeld in Sources */,
				F70A7EEF18D6B3A70027879C /* Record+CoreData.m in Sources */,
				F7A722EF18D5B34F000B0EEE /* AppDelegate.m in Sources */,
				F73C72C418DED59500F3E57F /* BombButton.m in Sources */,
				F70A7EEC18D6A1260027879C /* Record.m in Sources */,
				F73DFA5F18D5BFD70057C964 /* PopupVC.m in Sources */,
				F7682AFD18DD071E00F0F598 /* UIColor+RGBValues.m in Sources */,
				F73C72CC18DF026000F3E57F /* GuideVC.m in Sources */,
				F7682AFC18DD071E00F0F598 /* LDProgressView.m in Sources */,
				F7A722EB18D5B34F000B0EEE /* main.m in Sources */,
				F7A7231F18D5B42C000B0EEE /* ViewController.m in Sources */,
				F7A7231C18D5B42C000B0EEE /* NumberView.m in Sources */,
			);
			runOnlyForDeploymentPostprocessing = 0;
		};
		F7A722F818D5B34F000B0EEE /* Sources */ = {
			isa = PBXSourcesBuildPhase;
			buildActionMask = 2147483647;
			files = (
				F7A7230A18D5B34F000B0EEE /* NextNumTests.m in Sources */,
			);
			runOnlyForDeploymentPostprocessing = 0;
		};
/* End PBXSourcesBuildPhase section */

/* Begin PBXTargetDependency section */
		F7A7230218D5B34F000B0EEE /* PBXTargetDependency */ = {
			isa = PBXTargetDependency;
			target = F7A722DA18D5B34F000B0EEE /* NextNum */;
			targetProxy = F7A7230118D5B34F000B0EEE /* PBXContainerItemProxy */;
		};
/* End PBXTargetDependency section */

/* Begin PBXVariantGroup section */
		F7A722E718D5B34F000B0EEE /* InfoPlist.strings */ = {
			isa = PBXVariantGroup;
			children = (
				F7A722E818D5B34F000B0EEE /* en */,
			);
			name = InfoPlist.strings;
			sourceTree = "<group>";
		};
		F7A722F018D5B34F000B0EEE /* Main.storyboard */ = {
			isa = PBXVariantGroup;
			children = (
				F7A7231518D5B3EA000B0EEE /* en */,
			);
			name = Main.storyboard;
			sourceTree = "<group>";
		};
		F7A7230618D5B34F000B0EEE /* InfoPlist.strings */ = {
			isa = PBXVariantGroup;
			children = (
				F7A7230718D5B34F000B0EEE /* en */,
			);
			name = InfoPlist.strings;
			sourceTree = "<group>";
		};
/* End PBXVariantGroup section */

/* Begin XCBuildConfiguration section */
		F7A7230B18D5B34F000B0EEE /* Debug */ = {
			isa = XCBuildConfiguration;
			buildSettings = {
				ALWAYS_SEARCH_USER_PATHS = NO;
				ARCHS = (
					armv7s,
					armv7,
				);
				CLANG_CXX_LANGUAGE_STANDARD = "gnu++0x";
				CLANG_CXX_LIBRARY = "libc++";
				CLANG_ENABLE_MODULES = YES;
				CLANG_ENABLE_OBJC_ARC = YES;
				CLANG_WARN_BOOL_CONVERSION = YES;
				CLANG_WARN_CONSTANT_CONVERSION = YES;
				CLANG_WARN_DIRECT_OBJC_ISA_USAGE = YES_ERROR;
				CLANG_WARN_EMPTY_BODY = YES;
				CLANG_WARN_ENUM_CONVERSION = YES;
				CLANG_WARN_INT_CONVERSION = YES;
				CLANG_WARN_OBJC_ROOT_CLASS = YES_ERROR;
				CLANG_WARN__DUPLICATE_METHOD_MATCH = YES;
				"CODE_SIGN_IDENTITY[sdk=iphoneos*]" = "iPhone Developer";
				COPY_PHASE_STRIP = NO;
				GCC_C_LANGUAGE_STANDARD = gnu99;
				GCC_DYNAMIC_NO_PIC = NO;
				GCC_OPTIMIZATION_LEVEL = 0;
				GCC_PREPROCESSOR_DEFINITIONS = (
					"DEBUG=1",
					"$(inherited)",
				);
				GCC_SYMBOLS_PRIVATE_EXTERN = NO;
				GCC_WARN_64_TO_32_BIT_CONVERSION = YES;
				GCC_WARN_ABOUT_RETURN_TYPE = YES_ERROR;
				GCC_WARN_UNDECLARED_SELECTOR = YES;
				GCC_WARN_UNINITIALIZED_AUTOS = YES_AGGRESSIVE;
				GCC_WARN_UNUSED_FUNCTION = YES;
				GCC_WARN_UNUSED_VARIABLE = YES;
				IPHONEOS_DEPLOYMENT_TARGET = 6.0;
				ONLY_ACTIVE_ARCH = YES;
				SDKROOT = iphoneos;
				VALID_ARCHS = "armv7 armv7s";
			};
			name = Debug;
		};
		F7A7230C18D5B34F000B0EEE /* Release */ = {
			isa = XCBuildConfiguration;
			buildSettings = {
				ALWAYS_SEARCH_USER_PATHS = NO;
				ARCHS = (
					armv7s,
					armv7,
				);
				CLANG_CXX_LANGUAGE_STANDARD = "gnu++0x";
				CLANG_CXX_LIBRARY = "libc++";
				CLANG_ENABLE_MODULES = YES;
				CLANG_ENABLE_OBJC_ARC = YES;
				CLANG_WARN_BOOL_CONVERSION = YES;
				CLANG_WARN_CONSTANT_CONVERSION = YES;
				CLANG_WARN_DIRECT_OBJC_ISA_USAGE = YES_ERROR;
				CLANG_WARN_EMPTY_BODY = YES;
				CLANG_WARN_ENUM_CONVERSION = YES;
				CLANG_WARN_INT_CONVERSION = YES;
				CLANG_WARN_OBJC_ROOT_CLASS = YES_ERROR;
				CLANG_WARN__DUPLICATE_METHOD_MATCH = YES;
				"CODE_SIGN_IDENTITY[sdk=iphoneos*]" = "iPhone Developer";
				COPY_PHASE_STRIP = YES;
				ENABLE_NS_ASSERTIONS = NO;
				GCC_C_LANGUAGE_STANDARD = gnu99;
				GCC_WARN_64_TO_32_BIT_CONVERSION = YES;
				GCC_WARN_ABOUT_RETURN_TYPE = YES_ERROR;
				GCC_WARN_UNDECLARED_SELECTOR = YES;
				GCC_WARN_UNINITIALIZED_AUTOS = YES_AGGRESSIVE;
				GCC_WARN_UNUSED_FUNCTION = YES;
				GCC_WARN_UNUSED_VARIABLE = YES;
				IPHONEOS_DEPLOYMENT_TARGET = 6.0;
				SDKROOT = iphoneos;
				VALIDATE_PRODUCT = YES;
				VALID_ARCHS = "armv7 armv7s";
			};
			name = Release;
		};
		F7A7230E18D5B34F000B0EEE /* Debug */ = {
			isa = XCBuildConfiguration;
			baseConfigurationReference = 44A4445F7AEC4F2AAD2285BB /* Pods.xcconfig */;
			buildSettings = {
				ASSETCATALOG_COMPILER_APPICON_NAME = AppIcon;
				ASSETCATALOG_COMPILER_LAUNCHIMAGE_NAME = LaunchImage;
				CODE_SIGN_IDENTITY = "iPhone Developer: Ye Hua (H87TYET4CR)";
				"CODE_SIGN_IDENTITY[sdk=iphoneos*]" = "";
				FRAMEWORK_SEARCH_PATHS = (
					"$(inherited)",
					/Users/manted/Documents/FacebookSDK,
					"$(PROJECT_DIR)",
				);
				GCC_PRECOMPILE_PREFIX_HEADER = YES;
				GCC_PREFIX_HEADER = "NextNum/NextNum-Prefix.pch";
				INFOPLIST_FILE = "$(SRCROOT)/NextNum/NextNum-Info.plist";
				IPHONEOS_DEPLOYMENT_TARGET = 6.0;
				LIBRARY_SEARCH_PATHS = (
					"$(inherited)",
					"$(PROJECT_DIR)/NextNum",
				);
				PRODUCT_NAME = NextNum;
				PROVISIONING_PROFILE = "94B4B070-CB22-429F-9B6A-175C09930FEA";
				VALID_ARCHS = "armv7 armv7s";
				WRAPPER_EXTENSION = app;
			};
			name = Debug;
		};
		F7A7230F18D5B34F000B0EEE /* Release */ = {
			isa = XCBuildConfiguration;
			baseConfigurationReference = 44A4445F7AEC4F2AAD2285BB /* Pods.xcconfig */;
			buildSettings = {
				ASSETCATALOG_COMPILER_APPICON_NAME = AppIcon;
				ASSETCATALOG_COMPILER_LAUNCHIMAGE_NAME = LaunchImage;
				CODE_SIGN_IDENTITY = "iPhone Developer: Ye Hua (H87TYET4CR)";
				"CODE_SIGN_IDENTITY[sdk=iphoneos*]" = "";
				FRAMEWORK_SEARCH_PATHS = (
					"$(inherited)",
					/Users/manted/Documents/FacebookSDK,
					"$(PROJECT_DIR)",
				);
				GCC_PRECOMPILE_PREFIX_HEADER = YES;
				GCC_PREFIX_HEADER = "NextNum/NextNum-Prefix.pch";
				INFOPLIST_FILE = "$(SRCROOT)/NextNum/NextNum-Info.plist";
				IPHONEOS_DEPLOYMENT_TARGET = 6.0;
				LIBRARY_SEARCH_PATHS = (
					"$(inherited)",
					"$(PROJECT_DIR)/NextNum",
				);
				PRODUCT_NAME = NextNum;
				PROVISIONING_PROFILE = "94B4B070-CB22-429F-9B6A-175C09930FEA";
				VALID_ARCHS = "armv7 armv7s";
				WRAPPER_EXTENSION = app;
			};
			name = Release;
		};
		F7A7231118D5B34F000B0EEE /* Debug */ = {
			isa = XCBuildConfiguration;
			buildSettings = {
				BUNDLE_LOADER = "$(BUILT_PRODUCTS_DIR)/NextNum.app/NextNum";
				FRAMEWORK_SEARCH_PATHS = (
					"$(SDKROOT)/Developer/Library/Frameworks",
					"$(inherited)",
					"$(DEVELOPER_FRAMEWORKS_DIR)",
				);
				GCC_PRECOMPILE_PREFIX_HEADER = YES;
				GCC_PREFIX_HEADER = "NextNum/NextNum-Prefix.pch";
				GCC_PREPROCESSOR_DEFINITIONS = (
					"DEBUG=1",
					"$(inherited)",
				);
				INFOPLIST_FILE = "NextNumTests/NextNumTests-Info.plist";
				PRODUCT_NAME = NextNum;
				TEST_HOST = "$(BUNDLE_LOADER)";
				WRAPPER_EXTENSION = xctest;
			};
			name = Debug;
		};
		F7A7231218D5B34F000B0EEE /* Release */ = {
			isa = XCBuildConfiguration;
			buildSettings = {
				BUNDLE_LOADER = "$(BUILT_PRODUCTS_DIR)/NextNum.app/NextNum";
				FRAMEWORK_SEARCH_PATHS = (
					"$(SDKROOT)/Developer/Library/Frameworks",
					"$(inherited)",
					"$(DEVELOPER_FRAMEWORKS_DIR)",
				);
				GCC_PRECOMPILE_PREFIX_HEADER = YES;
				GCC_PREFIX_HEADER = "NextNum/NextNum-Prefix.pch";
				INFOPLIST_FILE = "NextNumTests/NextNumTests-Info.plist";
				PRODUCT_NAME = NextNum;
				TEST_HOST = "$(BUNDLE_LOADER)";
				WRAPPER_EXTENSION = xctest;
			};
			name = Release;
		};
/* End XCBuildConfiguration section */

/* Begin XCConfigurationList section */
		F7A722D618D5B34F000B0EEE /* Build configuration list for PBXProject "NextNum" */ = {
			isa = XCConfigurationList;
			buildConfigurations = (
				F7A7230B18D5B34F000B0EEE /* Debug */,
				F7A7230C18D5B34F000B0EEE /* Release */,
			);
			defaultConfigurationIsVisible = 0;
			defaultConfigurationName = Release;
		};
		F7A7230D18D5B34F000B0EEE /* Build configuration list for PBXNativeTarget "NextNum" */ = {
			isa = XCConfigurationList;
			buildConfigurations = (
				F7A7230E18D5B34F000B0EEE /* Debug */,
				F7A7230F18D5B34F000B0EEE /* Release */,
			);
			defaultConfigurationIsVisible = 0;
			defaultConfigurationName = Release;
		};
		F7A7231018D5B34F000B0EEE /* Build configuration list for PBXNativeTarget "NextNum Tests" */ = {
			isa = XCConfigurationList;
			buildConfigurations = (
				F7A7231118D5B34F000B0EEE /* Debug */,
				F7A7231218D5B34F000B0EEE /* Release */,
			);
			defaultConfigurationIsVisible = 0;
			defaultConfigurationName = Release;
		};
/* End XCConfigurationList section */

/* Begin XCVersionGroup section */
		F70A7EE718D69FDB0027879C /* Record.xcdatamodeld */ = {
			isa = XCVersionGroup;
			children = (
				F70A7EE818D69FDB0027879C /* Record.xcdatamodel */,
			);
			currentVersion = F70A7EE818D69FDB0027879C /* Record.xcdatamodel */;
			path = Record.xcdatamodeld;
			sourceTree = "<group>";
			versionGroupType = wrapper.xcdatamodel;
		};
/* End XCVersionGroup section */
	};
	rootObject = F7A722D318D5B34F000B0EEE /* Project object */;
}
